
Microsoft Visual Studio Solution File, Format Version 12.00
# Visual Studio Version 16
VisualStudioVersion = 16.0.31410.357
MinimumVisualStudioVersion = 10.0.40219.1
Project("{FAE04EC0-301F-11D3-BF4B-00C04F79EFBC}") = "Assignment1", "Assignment1.csproj", "{DF58CE2D-4867-49CA-B57D-25CE55446E10}"
EndProject
Global
	GlobalSection(SolutionConfigurationPlatforms) = preSolution
		Debug|Any CPU = Debug|Any CPU
		Release|Any CPU = Release|Any CPU
	EndGlobalSection
	GlobalSection(ProjectConfigurationPlatforms) = postSolution
		{DF58CE2D-4867-49CA-B57D-25CE55446E10}.Debug|Any CPU.ActiveCfg = Debug|Any CPU
		{DF58CE2D-4867-49CA-B57D-25CE55446E10}.Debug|Any CPU.Build.0 = Debug|Any CPU
		{DF58CE2D-4867-49CA-B57D-25CE55446E10}.Release|Any CPU.ActiveCfg = Release|Any CPU
		{DF58CE2D-4867-49CA-B57D-25CE55446E10}.Release|Any CPU.Build.0 = Release|Any CPU
	EndGlobalSection
	GlobalSection(SolutionProperties) = preSolution
		HideSolutionNode = FALSE
	EndGlobalSection
	GlobalSection(ExtensibilityGlobals) = postSolution
		SolutionGuid = {41FE8F15-7999-4B12-A2CC-A3AD58CACD18}
	EndGlobalSection
EndGlobal
